// !$*UTF8*$!
{
	archiveVersion = 1;
	classes = {
	};
	objectVersion = 46;
	objects = {

/* Begin PBXBuildFile section */
		814E9CCD16F766AB00E1F63D /* Background V2.png in Resources */ = {isa = PBXBuildFile; fileRef = 814E9CCC16F766AB00E1F63D /* Background V2.png */; };
		814E9CD016F7692900E1F63D /* MainStoryboard.storyboard in Resources */ = {isa = PBXBuildFile; fileRef = 814E9CCE16F7692900E1F63D /* MainStoryboard.storyboard */; };
		814E9CD216F76A1C00E1F63D /* Background V2 NEW.png in Resources */ = {isa = PBXBuildFile; fileRef = 814E9CD116F76A1C00E1F63D /* Background V2 NEW.png */; };
		8189E24316F8D56300099AE6 /* Background V3.png in Resources */ = {isa = PBXBuildFile; fileRef = 8189E24216F8D56300099AE6 /* Background V3.png */; };
		8189E24516F8DAC700099AE6 /* Button.png in Resources */ = {isa = PBXBuildFile; fileRef = 8189E24416F8DAC700099AE6 /* Button.png */; };
		819B437A16F6F9EF009500D7 /* Background.png in Resources */ = {isa = PBXBuildFile; fileRef = 819B437916F6F9EF009500D7 /* Background.png */; };
		81C9A46C16F6BFA9001ACB58 /* UIKit.framework in Frameworks */ = {isa = PBXBuildFile; fileRef = 81C9A46B16F6BFA9001ACB58 /* UIKit.framework */; };
		81C9A46E16F6BFA9001ACB58 /* Foundation.framework in Frameworks */ = {isa = PBXBuildFile; fileRef = 81C9A46D16F6BFA9001ACB58 /* Foundation.framework */; };
		81C9A47016F6BFA9001ACB58 /* CoreGraphics.framework in Frameworks */ = {isa = PBXBuildFile; fileRef = 81C9A46F16F6BFA9001ACB58 /* CoreGraphics.framework */; };
		81C9A47616F6BFA9001ACB58 /* InfoPlist.strings in Resources */ = {isa = PBXBuildFile; fileRef = 81C9A47416F6BFA9001ACB58 /* InfoPlist.strings */; };
		81C9A47816F6BFA9001ACB58 /* main.m in Sources */ = {isa = PBXBuildFile; fileRef = 81C9A47716F6BFA9001ACB58 /* main.m */; };
		81C9A47C16F6BFA9001ACB58 /* FlipAppDelegate.m in Sources */ = {isa = PBXBuildFile; fileRef = 81C9A47B16F6BFA9001ACB58 /* FlipAppDelegate.m */; };
		81C9A47E16F6BFA9001ACB58 /* Default.png in Resources */ = {isa = PBXBuildFile; fileRef = 81C9A47D16F6BFA9001ACB58 /* Default.png */; };
		81C9A48016F6BFA9001ACB58 /* Default@2x.png in Resources */ = {isa = PBXBuildFile; fileRef = 81C9A47F16F6BFA9001ACB58 /* Default@2x.png */; };
		81C9A48216F6BFA9001ACB58 /* Default-568h@2x.png in Resources */ = {isa = PBXBuildFile; fileRef = 81C9A48116F6BFA9001ACB58 /* Default-568h@2x.png */; };
		81C9A48816F6BFA9001ACB58 /* FlipViewController.m in Sources */ = {isa = PBXBuildFile; fileRef = 81C9A48716F6BFA9001ACB58 /* FlipViewController.m */; };
/* End PBXBuildFile section */

/* Begin PBXFileReference section */
		814E9CCC16F766AB00E1F63D /* Background V2.png */ = {isa = PBXFileReference; lastKnownFileType = image.png; path = "Background V2.png"; sourceTree = "<group>"; };
		814E9CCF16F7692900E1F63D /* en */ = {isa = PBXFileReference; lastKnownFileType = file.storyboard; name = en; path = en.lproj/MainStoryboard.storyboard; sourceTree = "<group>"; };
		814E9CD116F76A1C00E1F63D /* Background V2 NEW.png */ = {isa = PBXFileReference; lastKnownFileType = image.png; path = "Background V2 NEW.png"; sourceTree = "<group>"; };
		8189E24216F8D56300099AE6 /* Background V3.png */ = {isa = PBXFileReference; lastKnownFileType = image.png; path = "Background V3.png"; sourceTree = "<group>"; };
		8189E24416F8DAC700099AE6 /* Button.png */ = {isa = PBXFileReference; lastKnownFileType = image.png; path = Button.png; sourceTree = "<group>"; };
		819B437916F6F9EF009500D7 /* Background.png */ = {isa = PBXFileReference; lastKnownFileType = image.png; path = Background.png; sourceTree = "<group>"; };
		81C9A46816F6BFA9001ACB58 /* PhoneFlip.app */ = {isa = PBXFileReference; explicitFileType = wrapper.application; includeInIndex = 0; path = PhoneFlip.app; sourceTree = BUILT_PRODUCTS_DIR; };
		81C9A46B16F6BFA9001ACB58 /* UIKit.framework */ = {isa = PBXFileReference; lastKnownFileType = wrapper.framework; name = UIKit.framework; path = System/Library/Frameworks/UIKit.framework; sourceTree = SDKROOT; };
		81C9A46D16F6BFA9001ACB58 /* Foundation.framework */ = {isa = PBXFileReference; lastKnownFileType = wrapper.framework; name = Foundation.framework; path = System/Library/Frameworks/Foundation.framework; sourceTree = SDKROOT; };
		81C9A46F16F6BFA9001ACB58 /* CoreGraphics.framework */ = {isa = PBXFileReference; lastKnownFileType = wrapper.framework; name = CoreGraphics.framework; path = System/Library/Frameworks/CoreGraphics.framework; sourceTree = SDKROOT; };
		81C9A47316F6BFA9001ACB58 /* PhoneFlip-Info.plist */ = {isa = PBXFileReference; lastKnownFileType = text.plist.xml; path = "PhoneFlip-Info.plist"; sourceTree = "<group>"; };
		81C9A47516F6BFA9001ACB58 /* en */ = {isa = PBXFileReference; lastKnownFileType = text.plist.strings; name = en; path = en.lproj/InfoPlist.strings; sourceTree = "<group>"; };
		81C9A47716F6BFA9001ACB58 /* main.m */ = {isa = PBXFileReference; lastKnownFileType = sourcecode.c.objc; path = main.m; sourceTree = "<group>"; };
		81C9A47916F6BFA9001ACB58 /* PhoneFlip-Prefix.pch */ = {isa = PBXFileReference; lastKnownFileType = sourcecode.c.h; path = "PhoneFlip-Prefix.pch"; sourceTree = "<group>"; };
		81C9A47A16F6BFA9001ACB58 /* FlipAppDelegate.h */ = {isa = PBXFileReference; lastKnownFileType = sourcecode.c.h; path = FlipAppDelegate.h; sourceTree = "<group>"; };
		81C9A47B16F6BFA9001ACB58 /* FlipAppDelegate.m */ = {isa = PBXFileReference; lastKnownFileType = sourcecode.c.objc; path = FlipAppDelegate.m; sourceTree = "<group>"; };
		81C9A47D16F6BFA9001ACB58 /* Default.png */ = {isa = PBXFileReference; lastKnownFileType = image.png; path = Default.png; sourceTree = "<group>"; };
		81C9A47F16F6BFA9001ACB58 /* Default@2x.png */ = {isa = PBXFileReference; lastKnownFileType = image.png; path = "Default@2x.png"; sourceTree = "<group>"; };
		81C9A48116F6BFA9001ACB58 /* Default-568h@2x.png */ = {isa = PBXFileReference; lastKnownFileType = image.png; path = "Default-568h@2x.png"; sourceTree = "<group>"; };
		81C9A48616F6BFA9001ACB58 /* FlipViewController.h */ = {isa = PBXFileReference; lastKnownFileType = sourcecode.c.h; path = FlipViewController.h; sourceTree = "<group>"; };
		81C9A48716F6BFA9001ACB58 /* FlipViewController.m */ = {isa = PBXFileReference; lastKnownFileType = sourcecode.c.objc; path = FlipViewController.m; sourceTree = "<group>"; };
/* End PBXFileReference section */

/* Begin PBXFrameworksBuildPhase section */
		81C9A46516F6BFA9001ACB58 /* Frameworks */ = {
			isa = PBXFrameworksBuildPhase;
			buildActionMask = 2147483647;
			files = (
				81C9A46C16F6BFA9001ACB58 /* UIKit.framework in Frameworks */,
				81C9A46E16F6BFA9001ACB58 /* Foundation.framework in Frameworks */,
				81C9A47016F6BFA9001ACB58 /* CoreGraphics.framework in Frameworks */,
			);
			runOnlyForDeploymentPostprocessing = 0;
		};
/* End PBXFrameworksBuildPhase section */

/* Begin PBXGroup section */
		81C9A45F16F6BFA9001ACB58 = {
			isa = PBXGroup;
			children = (
				81C9A47116F6BFA9001ACB58 /* PhoneFlip */,
				81C9A46A16F6BFA9001ACB58 /* Frameworks */,
				81C9A46916F6BFA9001ACB58 /* Products */,
			);
			sourceTree = "<group>";
		};
		81C9A46916F6BFA9001ACB58 /* Products */ = {
			isa = PBXGroup;
			children = (
				81C9A46816F6BFA9001ACB58 /* PhoneFlip.app */,
			);
			name = Products;
			sourceTree = "<group>";
		};
		81C9A46A16F6BFA9001ACB58 /* Frameworks */ = {
			isa = PBXGroup;
			children = (
				81C9A46B16F6BFA9001ACB58 /* UIKit.framework */,
				81C9A46D16F6BFA9001ACB58 /* Foundation.framework */,
				81C9A46F16F6BFA9001ACB58 /* CoreGraphics.framework */,
			);
			name = Frameworks;
			sourceTree = "<group>";
		};
		81C9A47116F6BFA9001ACB58 /* PhoneFlip */ = {
			isa = PBXGroup;
			children = (
				81C9A47A16F6BFA9001ACB58 /* FlipAppDelegate.h */,
				81C9A47B16F6BFA9001ACB58 /* FlipAppDelegate.m */,
				814E9CCE16F7692900E1F63D /* MainStoryboard.storyboard */,
				8189E24416F8DAC700099AE6 /* Button.png */,
				8189E24216F8D56300099AE6 /* Background V3.png */,
				814E9CD116F76A1C00E1F63D /* Background V2 NEW.png */,
				81C9A48616F6BFA9001ACB58 /* FlipViewController.h */,
				81C9A48716F6BFA9001ACB58 /* FlipViewController.m */,
				81C9A47216F6BFA9001ACB58 /* Supporting Files */,
			);
			path = PhoneFlip;
			sourceTree = "<group>";
		};
		81C9A47216F6BFA9001ACB58 /* Supporting Files */ = {
			isa = PBXGroup;
			children = (
				814E9CCC16F766AB00E1F63D /* Background V2.png */,
				819B437916F6F9EF009500D7 /* Background.png */,
				81C9A47316F6BFA9001ACB58 /* PhoneFlip-Info.plist */,
				81C9A47416F6BFA9001ACB58 /* InfoPlist.strings */,
				81C9A47716F6BFA9001ACB58 /* main.m */,
				81C9A47916F6BFA9001ACB58 /* PhoneFlip-Prefix.pch */,
				81C9A47D16F6BFA9001ACB58 /* Default.png */,
				81C9A47F16F6BFA9001ACB58 /* Default@2x.png */,
				81C9A48116F6BFA9001ACB58 /* Default-568h@2x.png */,
			);
			name = "Supporting Files";
			sourceTree = "<group>";
		};
/* End PBXGroup section */

/* Begin PBXNativeTarget section */
		81C9A46716F6BFA9001ACB58 /* PhoneFlip */ = {
			isa = PBXNativeTarget;
			buildConfigurationList = 81C9A48B16F6BFA9001ACB58 /* Build configuration list for PBXNativeTarget "PhoneFlip" */;
			buildPhases = (
				81C9A46416F6BFA9001ACB58 /* Sources */,
				81C9A46516F6BFA9001ACB58 /* Frameworks */,
				81C9A46616F6BFA9001ACB58 /* Resources */,
			);
			buildRules = (
			);
			dependencies = (
			);
			name = PhoneFlip;
			productName = PhoneFlip;
			productReference = 81C9A46816F6BFA9001ACB58 /* PhoneFlip.app */;
			productType = "com.apple.product-type.application";
		};
/* End PBXNativeTarget section */

/* Begin PBXProject section */
		81C9A46016F6BFA9001ACB58 /* Project object */ = {
			isa = PBXProject;
			attributes = {
				CLASSPREFIX = Flip;
				LastUpgradeCheck = 0460;
				ORGANIZATIONNAME = goa;
			};
			buildConfigurationList = 81C9A46316F6BFA9001ACB58 /* Build configuration list for PBXProject "PhoneFlip" */;
			compatibilityVersion = "Xcode 3.2";
			developmentRegion = English;
			hasScannedForEncodings = 0;
			knownRegions = (
				en,
			);
			mainGroup = 81C9A45F16F6BFA9001ACB58;
			productRefGroup = 81C9A46916F6BFA9001ACB58 /* Products */;
			projectDirPath = "";
			projectRoot = "";
			targets = (
				81C9A46716F6BFA9001ACB58 /* PhoneFlip */,
			);
		};
/* End PBXProject section */

/* Begin PBXResourcesBuildPhase section */
		81C9A46616F6BFA9001ACB58 /* Resources */ = {
			isa = PBXResourcesBuildPhase;
			buildActionMask = 2147483647;
			files = (
				81C9A47616F6BFA9001ACB58 /* InfoPlist.strings in Resources */,
				81C9A47E16F6BFA9001ACB58 /* Default.png in Resources */,
				81C9A48016F6BFA9001ACB58 /* Default@2x.png in Resources */,
				81C9A48216F6BFA9001ACB58 /* Default-568h@2x.png in Resources */,
				819B437A16F6F9EF009500D7 /* Background.png in Resources */,
				814E9CCD16F766AB00E1F63D /* Background V2.png in Resources */,
				814E9CD016F7692900E1F63D /* MainStoryboard.storyboard in Resources */,
				814E9CD216F76A1C00E1F63D /* Background V2 NEW.png in Resources */,
				8189E24316F8D56300099AE6 /* Background V3.png in Resources */,
				8189E24516F8DAC700099AE6 /* Button.png in Resources */,
			);
			runOnlyForDeploymentPostprocessing = 0;
		};
/* End PBXResourcesBuildPhase section */

/* Begin PBXSourcesBuildPhase section */
		81C9A46416F6BFA9001ACB58 /* Sources */ = {
			isa = PBXSourcesBuildPhase;
			buildActionMask = 2147483647;
			files = (
				81C9A47816F6BFA9001ACB58 /* main.m in Sources */,
				81C9A47C16F6BFA9001ACB58 /* FlipAppDelegate.m in Sources */,
				81C9A48816F6BFA9001ACB58 /* FlipViewController.m in Sources */,
			);
			runOnlyForDeploymentPostprocessing = 0;
		};
/* End PBXSourcesBuildPhase section */

/* Begin PBXVariantGroup section */
		814E9CCE16F7692900E1F63D /* MainStoryboard.storyboard */ = {
			isa = PBXVariantGroup;
			children = (
				814E9CCF16F7692900E1F63D /* en */,
			);
			name = MainStoryboard.storyboard;
			sourceTree = "<group>";
		};
		81C9A47416F6BFA9001ACB58 /* InfoPlist.strings */ = {
			isa = PBXVariantGroup;
			children = (
				81C9A47516F6BFA9001ACB58 /* en */,
			);
			name = InfoPlist.strings;
			sourceTree = "<group>";
		};
/* End PBXVariantGroup section */

/* Begin XCBuildConfiguration section */
		81C9A48916F6BFA9001ACB58 /* Debug */ = {
			isa = XCBuildConfiguration;
			buildSettings = {
				ALWAYS_SEARCH_USER_PATHS = NO;
				CLANG_CXX_LANGUAGE_STANDARD = "gnu++0x";
				CLANG_CXX_LIBRARY = "libc++";
				CLANG_ENABLE_OBJC_ARC = YES;
				CLANG_WARN_CONSTANT_CONVERSION = YES;
				CLANG_WARN_EMPTY_BODY = YES;
				CLANG_WARN_ENUM_CONVERSION = YES;
				CLANG_WARN_INT_CONVERSION = YES;
				CLANG_WARN__DUPLICATE_METHOD_MATCH = YES;
				"CODE_SIGN_IDENTITY[sdk=iphoneos*]" = "iPhone Developer";
				COPY_PHASE_STRIP = NO;
				GCC_C_LANGUAGE_STANDARD = gnu99;
				GCC_DYNAMIC_NO_PIC = NO;
				GCC_OPTIMIZATION_LEVEL = 0;
				GCC_PREPROCESSOR_DEFINITIONS = (
					"DEBUG=1",
					"$(inherited)",
				);
				GCC_SYMBOLS_PRIVATE_EXTERN = NO;
				GCC_WARN_ABOUT_RETURN_TYPE = YES;
				GCC_WARN_UNINITIALIZED_AUTOS = YES;
				GCC_WARN_UNUSED_VARIABLE = YES;
				IPHONEOS_DEPLOYMENT_TARGET = 6.1;
				ONLY_ACTIVE_ARCH = YES;
				SDKROOT = iphoneos;
			};
			name = Debug;
		};
		81C9A48A16F6BFA9001ACB58 /* Release */ = {
			isa = XCBuildConfiguration;
			buildSettings = {
				ALWAYS_SEARCH_USER_PATHS = NO;
				CLANG_CXX_LANGUAGE_STANDARD = "gnu++0x";
				CLANG_CXX_LIBRARY = "libc++";
				CLANG_ENABLE_OBJC_ARC = YES;
				CLANG_WARN_CONSTANT_CONVERSION = YES;
				CLANG_WARN_EMPTY_BODY = YES;
				CLANG_WARN_ENUM_CONVERSION = YES;
				CLANG_WARN_INT_CONVERSION = YES;
				CLANG_WARN__DUPLICATE_METHOD_MATCH = YES;
				"CODE_SIGN_IDENTITY[sdk=iphoneos*]" = "iPhone Developer";
				COPY_PHASE_STRIP = YES;
				GCC_C_LANGUAGE_STANDARD = gnu99;
				GCC_WARN_ABOUT_RETURN_TYPE = YES;
				GCC_WARN_UNINITIALIZED_AUTOS = YES;
				GCC_WARN_UNUSED_VARIABLE = YES;
				IPHONEOS_DEPLOYMENT_TARGET = 6.1;
				OTHER_CFLAGS = "-DNS_BLOCK_ASSERTIONS=1";
				SDKROOT = iphoneos;
				VALIDATE_PRODUCT = YES;
			};
			name = Release;
		};
		81C9A48C16F6BFA9001ACB58 /* Debug */ = {
			isa = XCBuildConfiguration;
			buildSettings = {
				GCC_PRECOMPILE_PREFIX_HEADER = YES;
				GCC_PREFIX_HEADER = "PhoneFlip/PhoneFlip-Prefix.pch";
				INFOPLIST_FILE = "PhoneFlip/PhoneFlip-Info.plist";
				PRODUCT_NAME = "$(TARGET_NAME)";
				WRAPPER_EXTENSION = app;
			};
			name = Debug;
		};
		81C9A48D16F6BFA9001ACB58 /* Release */ = {
			isa = XCBuildConfiguration;
			buildSettings = {
				GCC_PRECOMPILE_PREFIX_HEADER = YES;
				GCC_PREFIX_HEADER = "PhoneFlip/PhoneFlip-Prefix.pch";
				INFOPLIST_FILE = "PhoneFlip/PhoneFlip-Info.plist";
				PRODUCT_NAME = "$(TARGET_NAME)";
				WRAPPER_EXTENSION = app;
			};
			name = Release;
		};
/* End XCBuildConfiguration section */

/* Begin XCConfigurationList section */
		81C9A46316F6BFA9001ACB58 /* Build configuration list for PBXProject "PhoneFlip" */ = {
			isa = XCConfigurationList;
			buildConfigurations = (
				81C9A48916F6BFA9001ACB58 /* Debug */,
				81C9A48A16F6BFA9001ACB58 /* Release */,
			);
			defaultConfigurationIsVisible = 0;
			defaultConfigurationName = Release;
		};
		81C9A48B16F6BFA9001ACB58 /* Build configuration list for PBXNativeTarget "PhoneFlip" */ = {
			isa = XCConfigurationList;
			buildConfigurations = (
				81C9A48C16F6BFA9001ACB58 /* Debug */,
				81C9A48D16F6BFA9001ACB58 /* Release */,
			);
			defaultConfigurationIsVisible = 0;
			defaultConfigurationName = Release;
		};
/* End XCConfigurationList section */
	};
	rootObject = 81C9A46016F6BFA9001ACB58 /* Project object */;
}
